
Microsoft Visual Studio Solution File, Format Version 12.00
# Visual Studio Version 17
VisualStudioVersion = 17.9.34622.214
MinimumVisualStudioVersion = 10.0.40219.1
Project("{FAE04EC0-301F-11D3-BF4B-00C04F79EFBC}") = "TrackerLibrary", "TrackerLibrary\TrackerLibrary.csproj", "{4DAD4110-8187-4E24-971E-D7D5CE8188A6}"
EndProject
Project("{FAE04EC0-301F-11D3-BF4B-00C04F79EFBC}") = "TrackerUI", "TrackerUI\TrackerUI.csproj", "{3E709255-A103-41DF-A935-17A337054C0F}"
EndProject
Global
	GlobalSection(SolutionConfigurationPlatforms) = preSolution
		Debug|Any CPU = Debug|Any CPU
		Release|Any CPU = Release|Any CPU
	EndGlobalSection
	GlobalSection(ProjectConfigurationPlatforms) = postSolution
		{4DAD4110-8187-4E24-971E-D7D5CE8188A6}.Debug|Any CPU.ActiveCfg = Debug|Any CPU
		{4DAD4110-8187-4E24-971E-D7D5CE8188A6}.Debug|Any CPU.Build.0 = Debug|Any CPU
		{4DAD4110-8187-4E24-971E-D7D5CE8188A6}.Release|Any CPU.ActiveCfg = Release|Any CPU
		{4DAD4110-8187-4E24-971E-D7D5CE8188A6}.Release|Any CPU.Build.0 = Release|Any CPU
		{3E709255-A103-41DF-A935-17A337054C0F}.Debug|Any CPU.ActiveCfg = Debug|Any CPU
		{3E709255-A103-41DF-A935-17A337054C0F}.Debug|Any CPU.Build.0 = Debug|Any CPU
		{3E709255-A103-41DF-A935-17A337054C0F}.Release|Any CPU.ActiveCfg = Release|Any CPU
		{3E709255-A103-41DF-A935-17A337054C0F}.Release|Any CPU.Build.0 = Release|Any CPU
	EndGlobalSection
	GlobalSection(SolutionProperties) = preSolution
		HideSolutionNode = FALSE
	EndGlobalSection
	GlobalSection(ExtensibilityGlobals) = postSolution
		SolutionGuid = {EE20A7D0-0509-4299-9435-838AECCF23EC}
	EndGlobalSection
EndGlobal
